
Microsoft Visual Studio Solution File, Format Version 12.00
# Visual Studio Version 16
VisualStudioVersion = 16.0.31205.134
MinimumVisualStudioVersion = 10.0.40219.1
Project("{FAE04EC0-301F-11D3-BF4B-00C04F79EFBC}") = "ISIT420HW4", "ISIT420HW4\ISIT420HW4.csproj", "{ED576411-EA17-4C90-A557-5F4B6C063B12}"
EndProject
Global
	GlobalSection(SolutionConfigurationPlatforms) = preSolution
		Debug|Any CPU = Debug|Any CPU
		Release|Any CPU = Release|Any CPU
	EndGlobalSection
	GlobalSection(ProjectConfigurationPlatforms) = postSolution
		{ED576411-EA17-4C90-A557-5F4B6C063B12}.Debug|Any CPU.ActiveCfg = Debug|Any CPU
		{ED576411-EA17-4C90-A557-5F4B6C063B12}.Debug|Any CPU.Build.0 = Debug|Any CPU
		{ED576411-EA17-4C90-A557-5F4B6C063B12}.Release|Any CPU.ActiveCfg = Release|Any CPU
		{ED576411-EA17-4C90-A557-5F4B6C063B12}.Release|Any CPU.Build.0 = Release|Any CPU
	EndGlobalSection
	GlobalSection(SolutionProperties) = preSolution
		HideSolutionNode = FALSE
	EndGlobalSection
	GlobalSection(ExtensibilityGlobals) = postSolution
		SolutionGuid = {84C28A8A-9D34-4C12-A2AC-5F27109FF895}
	EndGlobalSection
EndGlobal
